
Microsoft Visual Studio Solution File, Format Version 12.00
# Visual Studio Version 17
VisualStudioVersion = 17.0.32112.339
MinimumVisualStudioVersion = 10.0.40219.1
Project("{FAE04EC0-301F-11D3-BF4B-00C04F79EFBC}") = "NumerosPrimos", "NumerosPrimos.csproj", "{243C9743-0453-48BF-AC74-8BA4AAB18EC8}"
EndProject
Global
	GlobalSection(SolutionConfigurationPlatforms) = preSolution
		Debug|Any CPU = Debug|Any CPU
		Release|Any CPU = Release|Any CPU
	EndGlobalSection
	GlobalSection(ProjectConfigurationPlatforms) = postSolution
		{243C9743-0453-48BF-AC74-8BA4AAB18EC8}.Debug|Any CPU.ActiveCfg = Debug|Any CPU
		{243C9743-0453-48BF-AC74-8BA4AAB18EC8}.Debug|Any CPU.Build.0 = Debug|Any CPU
		{243C9743-0453-48BF-AC74-8BA4AAB18EC8}.Release|Any CPU.ActiveCfg = Release|Any CPU
		{243C9743-0453-48BF-AC74-8BA4AAB18EC8}.Release|Any CPU.Build.0 = Release|Any CPU
	EndGlobalSection
	GlobalSection(SolutionProperties) = preSolution
		HideSolutionNode = FALSE
	EndGlobalSection
	GlobalSection(ExtensibilityGlobals) = postSolution
		SolutionGuid = {C45125EA-FA22-45EB-A5D4-E5FFF380E80E}
	EndGlobalSection
EndGlobal
